// !$*UTF8*$!
{
	archiveVersion = 1;
	classes = {
	};
	objectVersion = 50;
	objects = {

/* Begin PBXBuildFile section */
		14789CDB9F2A03EC6B8D9E4D /* Pods_H5Container.framework in Frameworks */ = {isa = PBXBuildFile; fileRef = F2D5B65F588F852AB8870F1C /* Pods_H5Container.framework */; };
		DA12C54720E388F4008BC8E5 /* Reachability.m in Sources */ = {isa = PBXBuildFile; fileRef = DA12C54620E388F3008BC8E5 /* Reachability.m */; };
		DA2F1AE620CF634E008E1537 /* AppDelegate.swift in Sources */ = {isa = PBXBuildFile; fileRef = DA2F1AE520CF634E008E1537 /* AppDelegate.swift */; };
		DA2F1AE820CF634E008E1537 /* ViewController.swift in Sources */ = {isa = PBXBuildFile; fileRef = DA2F1AE720CF634E008E1537 /* ViewController.swift */; };
		DA2F1AEB20CF634E008E1537 /* Main.storyboard in Resources */ = {isa = PBXBuildFile; fileRef = DA2F1AE920CF634E008E1537 /* Main.storyboard */; };
		DA2F1AED20CF6351008E1537 /* Assets.xcassets in Resources */ = {isa = PBXBuildFile; fileRef = DA2F1AEC20CF6351008E1537 /* Assets.xcassets */; };
		DA2F1AF020CF6351008E1537 /* LaunchScreen.storyboard in Resources */ = {isa = PBXBuildFile; fileRef = DA2F1AEE20CF6351008E1537 /* LaunchScreen.storyboard */; };
		DA2F1AFB20CF6351008E1537 /* H5ContainerTests.swift in Sources */ = {isa = PBXBuildFile; fileRef = DA2F1AFA20CF6351008E1537 /* H5ContainerTests.swift */; };
		DA2F1B0620CF6351008E1537 /* H5ContainerUITests.swift in Sources */ = {isa = PBXBuildFile; fileRef = DA2F1B0520CF6351008E1537 /* H5ContainerUITests.swift */; };
		DA2F1B1E20CF6637008E1537 /* H5TabView.swift in Sources */ = {isa = PBXBuildFile; fileRef = DA2F1B1720CF6637008E1537 /* H5TabView.swift */; };
		DA2F1B1F20CF6637008E1537 /* H5TabView.xib in Resources */ = {isa = PBXBuildFile; fileRef = DA2F1B1820CF6637008E1537 /* H5TabView.xib */; };
		DA2F1B2120CF6637008E1537 /* H5WebViewController.swift in Sources */ = {isa = PBXBuildFile; fileRef = DA2F1B1C20CF6637008E1537 /* H5WebViewController.swift */; };
/* End PBXBuildFile section */

/* Begin PBXContainerItemProxy section */
		DA2F1AF720CF6351008E1537 /* PBXContainerItemProxy */ = {
			isa = PBXContainerItemProxy;
			containerPortal = DA2F1ADA20CF634E008E1537 /* Project object */;
			proxyType = 1;
			remoteGlobalIDString = DA2F1AE120CF634E008E1537;
			remoteInfo = H5Container;
		};
		DA2F1B0220CF6351008E1537 /* PBXContainerItemProxy */ = {
			isa = PBXContainerItemProxy;
			containerPortal = DA2F1ADA20CF634E008E1537 /* Project object */;
			proxyType = 1;
			remoteGlobalIDString = DA2F1AE120CF634E008E1537;
			remoteInfo = H5Container;
		};
/* End PBXContainerItemProxy section */

/* Begin PBXFileReference section */
		5A1400DADC806C57AED01DE9 /* Pods-H5Container.release.xcconfig */ = {isa = PBXFileReference; includeInIndex = 1; lastKnownFileType = text.xcconfig; name = "Pods-H5Container.release.xcconfig"; path = "Pods/Target Support Files/Pods-H5Container/Pods-H5Container.release.xcconfig"; sourceTree = "<group>"; };
		6D53C83277DDFCFF24174D35 /* Pods-H5Container.debug.xcconfig */ = {isa = PBXFileReference; includeInIndex = 1; lastKnownFileType = text.xcconfig; name = "Pods-H5Container.debug.xcconfig"; path = "Pods/Target Support Files/Pods-H5Container/Pods-H5Container.debug.xcconfig"; sourceTree = "<group>"; };
		DA12C54520E388F3008BC8E5 /* Reachability.h */ = {isa = PBXFileReference; fileEncoding = 4; lastKnownFileType = sourcecode.c.h; path = Reachability.h; sourceTree = "<group>"; };
		DA12C54620E388F3008BC8E5 /* Reachability.m */ = {isa = PBXFileReference; fileEncoding = 4; lastKnownFileType = sourcecode.c.objc; path = Reachability.m; sourceTree = "<group>"; };
		DA2F1AE220CF634E008E1537 /* H5Container.app */ = {isa = PBXFileReference; explicitFileType = wrapper.application; includeInIndex = 0; path = H5Container.app; sourceTree = BUILT_PRODUCTS_DIR; };
		DA2F1AE520CF634E008E1537 /* AppDelegate.swift */ = {isa = PBXFileReference; lastKnownFileType = sourcecode.swift; path = AppDelegate.swift; sourceTree = "<group>"; };
		DA2F1AE720CF634E008E1537 /* ViewController.swift */ = {isa = PBXFileReference; lastKnownFileType = sourcecode.swift; path = ViewController.swift; sourceTree = "<group>"; };
		DA2F1AEA20CF634E008E1537 /* Base */ = {isa = PBXFileReference; lastKnownFileType = file.storyboard; name = Base; path = Base.lproj/Main.storyboard; sourceTree = "<group>"; };
		DA2F1AEC20CF6351008E1537 /* Assets.xcassets */ = {isa = PBXFileReference; lastKnownFileType = folder.assetcatalog; path = Assets.xcassets; sourceTree = "<group>"; };
		DA2F1AEF20CF6351008E1537 /* Base */ = {isa = PBXFileReference; lastKnownFileType = file.storyboard; name = Base; path = Base.lproj/LaunchScreen.storyboard; sourceTree = "<group>"; };
		DA2F1AF120CF6351008E1537 /* Info.plist */ = {isa = PBXFileReference; lastKnownFileType = text.plist.xml; path = Info.plist; sourceTree = "<group>"; };
		DA2F1AF620CF6351008E1537 /* H5ContainerTests.xctest */ = {isa = PBXFileReference; explicitFileType = wrapper.cfbundle; includeInIndex = 0; path = H5ContainerTests.xctest; sourceTree = BUILT_PRODUCTS_DIR; };
		DA2F1AFA20CF6351008E1537 /* H5ContainerTests.swift */ = {isa = PBXFileReference; lastKnownFileType = sourcecode.swift; path = H5ContainerTests.swift; sourceTree = "<group>"; };
		DA2F1AFC20CF6351008E1537 /* Info.plist */ = {isa = PBXFileReference; lastKnownFileType = text.plist.xml; path = Info.plist; sourceTree = "<group>"; };
		DA2F1B0120CF6351008E1537 /* H5ContainerUITests.xctest */ = {isa = PBXFileReference; explicitFileType = wrapper.cfbundle; includeInIndex = 0; path = H5ContainerUITests.xctest; sourceTree = BUILT_PRODUCTS_DIR; };
		DA2F1B0520CF6351008E1537 /* H5ContainerUITests.swift */ = {isa = PBXFileReference; lastKnownFileType = sourcecode.swift; path = H5ContainerUITests.swift; sourceTree = "<group>"; };
		DA2F1B0720CF6351008E1537 /* Info.plist */ = {isa = PBXFileReference; lastKnownFileType = text.plist.xml; path = Info.plist; sourceTree = "<group>"; };
		DA2F1B1720CF6637008E1537 /* H5TabView.swift */ = {isa = PBXFileReference; fileEncoding = 4; lastKnownFileType = sourcecode.swift; path = H5TabView.swift; sourceTree = "<group>"; };
		DA2F1B1820CF6637008E1537 /* H5TabView.xib */ = {isa = PBXFileReference; fileEncoding = 4; lastKnownFileType = file.xib; path = H5TabView.xib; sourceTree = "<group>"; };
		DA2F1B1C20CF6637008E1537 /* H5WebViewController.swift */ = {isa = PBXFileReference; fileEncoding = 4; lastKnownFileType = sourcecode.swift; path = H5WebViewController.swift; sourceTree = "<group>"; };
		DA36D6FE20CFA7BA00910893 /* H5Container-Bridging-Header.h */ = {isa = PBXFileReference; lastKnownFileType = sourcecode.c.h; path = "H5Container-Bridging-Header.h"; sourceTree = "<group>"; };
		DA36D70120D0ABA700910893 /* H5Container.entitlements */ = {isa = PBXFileReference; lastKnownFileType = text.plist.entitlements; path = H5Container.entitlements; sourceTree = "<group>"; };
		F2D5B65F588F852AB8870F1C /* Pods_H5Container.framework */ = {isa = PBXFileReference; explicitFileType = wrapper.framework; includeInIndex = 0; path = Pods_H5Container.framework; sourceTree = BUILT_PRODUCTS_DIR; };
/* End PBXFileReference section */

/* Begin PBXFrameworksBuildPhase section */
		DA2F1ADF20CF634E008E1537 /* Frameworks */ = {
			isa = PBXFrameworksBuildPhase;
			buildActionMask = 2147483647;
			files = (
				14789CDB9F2A03EC6B8D9E4D /* Pods_H5Container.framework in Frameworks */,
			);
			runOnlyForDeploymentPostprocessing = 0;
		};
		DA2F1AF320CF6351008E1537 /* Frameworks */ = {
			isa = PBXFrameworksBuildPhase;
			buildActionMask = 2147483647;
			files = (
			);
			runOnlyForDeploymentPostprocessing = 0;
		};
		DA2F1AFE20CF6351008E1537 /* Frameworks */ = {
			isa = PBXFrameworksBuildPhase;
			buildActionMask = 2147483647;
			files = (
			);
			runOnlyForDeploymentPostprocessing = 0;
		};
/* End PBXFrameworksBuildPhase section */

/* Begin PBXGroup section */
		26C9DA9F8D539598CCB51E24 /* Frameworks */ = {
			isa = PBXGroup;
			children = (
				F2D5B65F588F852AB8870F1C /* Pods_H5Container.framework */,
			);
			name = Frameworks;
			sourceTree = "<group>";
		};
		A804063C182BAD6A9990A516 /* Pods */ = {
			isa = PBXGroup;
			children = (
				6D53C83277DDFCFF24174D35 /* Pods-H5Container.debug.xcconfig */,
				5A1400DADC806C57AED01DE9 /* Pods-H5Container.release.xcconfig */,
			);
			name = Pods;
			sourceTree = "<group>";
		};
		DA2F1AD920CF634E008E1537 = {
			isa = PBXGroup;
			children = (
				DA2F1AE420CF634E008E1537 /* H5Container */,
				DA2F1AF920CF6351008E1537 /* H5ContainerTests */,
				DA2F1B0420CF6351008E1537 /* H5ContainerUITests */,
				DA2F1AE320CF634E008E1537 /* Products */,
				A804063C182BAD6A9990A516 /* Pods */,
				26C9DA9F8D539598CCB51E24 /* Frameworks */,
			);
			sourceTree = "<group>";
		};
		DA2F1AE320CF634E008E1537 /* Products */ = {
			isa = PBXGroup;
			children = (
				DA2F1AE220CF634E008E1537 /* H5Container.app */,
				DA2F1AF620CF6351008E1537 /* H5ContainerTests.xctest */,
				DA2F1B0120CF6351008E1537 /* H5ContainerUITests.xctest */,
			);
			name = Products;
			sourceTree = "<group>";
		};
		DA2F1AE420CF634E008E1537 /* H5Container */ = {
			isa = PBXGroup;
			children = (
				DA36D70120D0ABA700910893 /* H5Container.entitlements */,
				DA2F1B1620CF6637008E1537 /* webViews */,
				DA2F1AE520CF634E008E1537 /* AppDelegate.swift */,
				DA2F1AE720CF634E008E1537 /* ViewController.swift */,
				DA2F1AE920CF634E008E1537 /* Main.storyboard */,
				DA2F1AEC20CF6351008E1537 /* Assets.xcassets */,
				DA2F1AEE20CF6351008E1537 /* LaunchScreen.storyboard */,
				DA2F1AF120CF6351008E1537 /* Info.plist */,
				DA36D6FE20CFA7BA00910893 /* H5Container-Bridging-Header.h */,
			);
			path = H5Container;
			sourceTree = "<group>";
		};
		DA2F1AF920CF6351008E1537 /* H5ContainerTests */ = {
			isa = PBXGroup;
			children = (
				DA2F1AFA20CF6351008E1537 /* H5ContainerTests.swift */,
				DA2F1AFC20CF6351008E1537 /* Info.plist */,
			);
			path = H5ContainerTests;
			sourceTree = "<group>";
		};
		DA2F1B0420CF6351008E1537 /* H5ContainerUITests */ = {
			isa = PBXGroup;
			children = (
				DA2F1B0520CF6351008E1537 /* H5ContainerUITests.swift */,
				DA2F1B0720CF6351008E1537 /* Info.plist */,
			);
			path = H5ContainerUITests;
			sourceTree = "<group>";
		};
		DA2F1B1620CF6637008E1537 /* webViews */ = {
			isa = PBXGroup;
			children = (
				DA12C54520E388F3008BC8E5 /* Reachability.h */,
				DA12C54620E388F3008BC8E5 /* Reachability.m */,
				DA2F1B1720CF6637008E1537 /* H5TabView.swift */,
				DA2F1B1820CF6637008E1537 /* H5TabView.xib */,
				DA2F1B1C20CF6637008E1537 /* H5WebViewController.swift */,
			);
			path = webViews;
			sourceTree = "<group>";
		};
/* End PBXGroup section */

/* Begin PBXNativeTarget section */
		DA2F1AE120CF634E008E1537 /* H5Container */ = {
			isa = PBXNativeTarget;
			buildConfigurationList = DA2F1B0A20CF6351008E1537 /* Build configuration list for PBXNativeTarget "H5Container" */;
			buildPhases = (
				76C392A1335DFFB11B48B7F2 /* [CP] Check Pods Manifest.lock */,
				DA2F1ADE20CF634E008E1537 /* Sources */,
				DA2F1ADF20CF634E008E1537 /* Frameworks */,
				DA2F1AE020CF634E008E1537 /* Resources */,
				013187E663DD481BA7893540 /* [CP] Embed Pods Frameworks */,
			);
			buildRules = (
			);
			dependencies = (
			);
			name = H5Container;
			productName = H5Container;
			productReference = DA2F1AE220CF634E008E1537 /* H5Container.app */;
			productType = "com.apple.product-type.application";
		};
		DA2F1AF520CF6351008E1537 /* H5ContainerTests */ = {
			isa = PBXNativeTarget;
			buildConfigurationList = DA2F1B0D20CF6351008E1537 /* Build configuration list for PBXNativeTarget "H5ContainerTests" */;
			buildPhases = (
				DA2F1AF220CF6351008E1537 /* Sources */,
				DA2F1AF320CF6351008E1537 /* Frameworks */,
				DA2F1AF420CF6351008E1537 /* Resources */,
			);
			buildRules = (
			);
			dependencies = (
				DA2F1AF820CF6351008E1537 /* PBXTargetDependency */,
			);
			name = H5ContainerTests;
			productName = H5ContainerTests;
			productReference = DA2F1AF620CF6351008E1537 /* H5ContainerTests.xctest */;
			productType = "com.apple.product-type.bundle.unit-test";
		};
		DA2F1B0020CF6351008E1537 /* H5ContainerUITests */ = {
			isa = PBXNativeTarget;
			buildConfigurationList = DA2F1B1020CF6351008E1537 /* Build configuration list for PBXNativeTarget "H5ContainerUITests" */;
			buildPhases = (
				DA2F1AFD20CF6351008E1537 /* Sources */,
				DA2F1AFE20CF6351008E1537 /* Frameworks */,
				DA2F1AFF20CF6351008E1537 /* Resources */,
			);
			buildRules = (
			);
			dependencies = (
				DA2F1B0320CF6351008E1537 /* PBXTargetDependency */,
			);
			name = H5ContainerUITests;
			productName = H5ContainerUITests;
			productReference = DA2F1B0120CF6351008E1537 /* H5ContainerUITests.xctest */;
			productType = "com.apple.product-type.bundle.ui-testing";
		};
/* End PBXNativeTarget section */

/* Begin PBXProject section */
		DA2F1ADA20CF634E008E1537 /* Project object */ = {
			isa = PBXProject;
			attributes = {
				LastSwiftUpdateCheck = 0940;
				LastUpgradeCheck = 0940;
				ORGANIZATIONNAME = liucy;
				TargetAttributes = {
					DA2F1AE120CF634E008E1537 = {
						CreatedOnToolsVersion = 9.4;
						SystemCapabilities = {
							com.apple.InterAppAudio = {
								enabled = 0;
							};
							com.apple.Push = {
								enabled = 1;
							};
						};
					};
					DA2F1AF520CF6351008E1537 = {
						CreatedOnToolsVersion = 9.4;
						TestTargetID = DA2F1AE120CF634E008E1537;
					};
					DA2F1B0020CF6351008E1537 = {
						CreatedOnToolsVersion = 9.4;
						TestTargetID = DA2F1AE120CF634E008E1537;
					};
				};
			};
			buildConfigurationList = DA2F1ADD20CF634E008E1537 /* Build configuration list for PBXProject "H5Container" */;
			compatibilityVersion = "Xcode 9.3";
			developmentRegion = en;
			hasScannedForEncodings = 0;
			knownRegions = (
				en,
				Base,
			);
			mainGroup = DA2F1AD920CF634E008E1537;
			productRefGroup = DA2F1AE320CF634E008E1537 /* Products */;
			projectDirPath = "";
			projectRoot = "";
			targets = (
				DA2F1AE120CF634E008E1537 /* H5Container */,
				DA2F1AF520CF6351008E1537 /* H5ContainerTests */,
				DA2F1B0020CF6351008E1537 /* H5ContainerUITests */,
			);
		};
/* End PBXProject section */

/* Begin PBXResourcesBuildPhase section */
		DA2F1AE020CF634E008E1537 /* Resources */ = {
			isa = PBXResourcesBuildPhase;
			buildActionMask = 2147483647;
			files = (
				DA2F1AF020CF6351008E1537 /* LaunchScreen.storyboard in Resources */,
				DA2F1B1F20CF6637008E1537 /* H5TabView.xib in Resources */,
				DA2F1AED20CF6351008E1537 /* Assets.xcassets in Resources */,
				DA2F1AEB20CF634E008E1537 /* Main.storyboard in Resources */,
			);
			runOnlyForDeploymentPostprocessing = 0;
		};
		DA2F1AF420CF6351008E1537 /* Resources */ = {
			isa = PBXResourcesBuildPhase;
			buildActionMask = 2147483647;
			files = (
			);
			runOnlyForDeploymentPostprocessing = 0;
		};
		DA2F1AFF20CF6351008E1537 /* Resources */ = {
			isa = PBXResourcesBuildPhase;
			buildActionMask = 2147483647;
			files = (
			);
			runOnlyForDeploymentPostprocessing = 0;
		};
/* End PBXResourcesBuildPhase section */

/* Begin PBXShellScriptBuildPhase section */
		013187E663DD481BA7893540 /* [CP] Embed Pods Frameworks */ = {
			isa = PBXShellScriptBuildPhase;
			buildActionMask = 2147483647;
			files = (
			);
			inputPaths = (
				"${SRCROOT}/Pods/Target Support Files/Pods-H5Container/Pods-H5Container-frameworks.sh",
				"${BUILT_PRODUCTS_DIR}/Alamofire/Alamofire.framework",
				"${BUILT_PRODUCTS_DIR}/BFPaperButton/BFPaperButton.framework",
				"${BUILT_PRODUCTS_DIR}/LeanCloud/LeanCloud.framework",
				"${BUILT_PRODUCTS_DIR}/MBProgressHUD/MBProgressHUD.framework",
				"${BUILT_PRODUCTS_DIR}/SnapKit/SnapKit.framework",
			);
			name = "[CP] Embed Pods Frameworks";
			outputPaths = (
				"${TARGET_BUILD_DIR}/${FRAMEWORKS_FOLDER_PATH}/Alamofire.framework",
				"${TARGET_BUILD_DIR}/${FRAMEWORKS_FOLDER_PATH}/BFPaperButton.framework",
				"${TARGET_BUILD_DIR}/${FRAMEWORKS_FOLDER_PATH}/LeanCloud.framework",
				"${TARGET_BUILD_DIR}/${FRAMEWORKS_FOLDER_PATH}/MBProgressHUD.framework",
				"${TARGET_BUILD_DIR}/${FRAMEWORKS_FOLDER_PATH}/SnapKit.framework",
			);
			runOnlyForDeploymentPostprocessing = 0;
			shellPath = /bin/sh;
			shellScript = "\"${SRCROOT}/Pods/Target Support Files/Pods-H5Container/Pods-H5Container-frameworks.sh\"\n";
			showEnvVarsInLog = 0;
		};
		76C392A1335DFFB11B48B7F2 /* [CP] Check Pods Manifest.lock */ = {
			isa = PBXShellScriptBuildPhase;
			buildActionMask = 2147483647;
			files = (
			);
			inputPaths = (
				"${PODS_PODFILE_DIR_PATH}/Podfile.lock",
				"${PODS_ROOT}/Manifest.lock",
			);
			name = "[CP] Check Pods Manifest.lock";
			outputPaths = (
				"$(DERIVED_FILE_DIR)/Pods-H5Container-checkManifestLockResult.txt",
			);
			runOnlyForDeploymentPostprocessing = 0;
			shellPath = /bin/sh;
			shellScript = "diff \"${PODS_PODFILE_DIR_PATH}/Podfile.lock\" \"${PODS_ROOT}/Manifest.lock\" > /dev/null\nif [ $? != 0 ] ; then\n    # print error to STDERR\n    echo \"error: The sandbox is not in sync with the Podfile.lock. Run 'pod install' or update your CocoaPods installation.\" >&2\n    exit 1\nfi\n# This output is used by Xcode 'outputs' to avoid re-running this script phase.\necho \"SUCCESS\" > \"${SCRIPT_OUTPUT_FILE_0}\"\n";
			showEnvVarsInLog = 0;
		};
/* End PBXShellScriptBuildPhase section */

/* Begin PBXSourcesBuildPhase section */
		DA2F1ADE20CF634E008E1537 /* Sources */ = {
			isa = PBXSourcesBuildPhase;
			buildActionMask = 2147483647;
			files = (
				DA2F1B2120CF6637008E1537 /* H5WebViewController.swift in Sources */,
				DA2F1AE820CF634E008E1537 /* ViewController.swift in Sources */,
				DA2F1B1E20CF6637008E1537 /* H5TabView.swift in Sources */,
				DA2F1AE620CF634E008E1537 /* AppDelegate.swift in Sources */,
				DA12C54720E388F4008BC8E5 /* Reachability.m in Sources */,
			);
			runOnlyForDeploymentPostprocessing = 0;
		};
		DA2F1AF220CF6351008E1537 /* Sources */ = {
			isa = PBXSourcesBuildPhase;
			buildActionMask = 2147483647;
			files = (
				DA2F1AFB20CF6351008E1537 /* H5ContainerTests.swift in Sources */,
			);
			runOnlyForDeploymentPostprocessing = 0;
		};
		DA2F1AFD20CF6351008E1537 /* Sources */ = {
			isa = PBXSourcesBuildPhase;
			buildActionMask = 2147483647;
			files = (
				DA2F1B0620CF6351008E1537 /* H5ContainerUITests.swift in Sources */,
			);
			runOnlyForDeploymentPostprocessing = 0;
		};
/* End PBXSourcesBuildPhase section */

/* Begin PBXTargetDependency section */
		DA2F1AF820CF6351008E1537 /* PBXTargetDependency */ = {
			isa = PBXTargetDependency;
			target = DA2F1AE120CF634E008E1537 /* H5Container */;
			targetProxy = DA2F1AF720CF6351008E1537 /* PBXContainerItemProxy */;
		};
		DA2F1B0320CF6351008E1537 /* PBXTargetDependency */ = {
			isa = PBXTargetDependency;
			target = DA2F1AE120CF634E008E1537 /* H5Container */;
			targetProxy = DA2F1B0220CF6351008E1537 /* PBXContainerItemProxy */;
		};
/* End PBXTargetDependency section */

/* Begin PBXVariantGroup section */
		DA2F1AE920CF634E008E1537 /* Main.storyboard */ = {
			isa = PBXVariantGroup;
			children = (
				DA2F1AEA20CF634E008E1537 /* Base */,
			);
			name = Main.storyboard;
			sourceTree = "<group>";
		};
		DA2F1AEE20CF6351008E1537 /* LaunchScreen.storyboard */ = {
			isa = PBXVariantGroup;
			children = (
				DA2F1AEF20CF6351008E1537 /* Base */,
			);
			name = LaunchScreen.storyboard;
			sourceTree = "<group>";
		};
/* End PBXVariantGroup section */

/* Begin XCBuildConfiguration section */
		DA2F1B0820CF6351008E1537 /* Debug */ = {
			isa = XCBuildConfiguration;
			buildSettings = {
				ALWAYS_SEARCH_USER_PATHS = NO;
				CLANG_ANALYZER_NONNULL = YES;
				CLANG_ANALYZER_NUMBER_OBJECT_CONVERSION = YES_AGGRESSIVE;
				CLANG_CXX_LANGUAGE_STANDARD = "gnu++14";
				CLANG_CXX_LIBRARY = "libc++";
				CLANG_ENABLE_MODULES = YES;
				CLANG_ENABLE_OBJC_ARC = YES;
				CLANG_ENABLE_OBJC_WEAK = YES;
				CLANG_WARN_BLOCK_CAPTURE_AUTORELEASING = YES;
				CLANG_WARN_BOOL_CONVERSION = YES;
				CLANG_WARN_COMMA = YES;
				CLANG_WARN_CONSTANT_CONVERSION = YES;
				CLANG_WARN_DEPRECATED_OBJC_IMPLEMENTATIONS = YES;
				CLANG_WARN_DIRECT_OBJC_ISA_USAGE = YES_ERROR;
				CLANG_WARN_DOCUMENTATION_COMMENTS = YES;
				CLANG_WARN_EMPTY_BODY = YES;
				CLANG_WARN_ENUM_CONVERSION = YES;
				CLANG_WARN_INFINITE_RECURSION = YES;
				CLANG_WARN_INT_CONVERSION = YES;
				CLANG_WARN_NON_LITERAL_NULL_CONVERSION = YES;
				CLANG_WARN_OBJC_IMPLICIT_RETAIN_SELF = YES;
				CLANG_WARN_OBJC_LITERAL_CONVERSION = YES;
				CLANG_WARN_OBJC_ROOT_CLASS = YES_ERROR;
				CLANG_WARN_RANGE_LOOP_ANALYSIS = YES;
				CLANG_WARN_STRICT_PROTOTYPES = YES;
				CLANG_WARN_SUSPICIOUS_MOVE = YES;
				CLANG_WARN_UNGUARDED_AVAILABILITY = YES_AGGRESSIVE;
				CLANG_WARN_UNREACHABLE_CODE = YES;
				CLANG_WARN__DUPLICATE_METHOD_MATCH = YES;
				CODE_SIGN_IDENTITY = "iPhone Developer";
				COPY_PHASE_STRIP = NO;
				DEBUG_INFORMATION_FORMAT = dwarf;
				ENABLE_STRICT_OBJC_MSGSEND = YES;
				ENABLE_TESTABILITY = YES;
				GCC_C_LANGUAGE_STANDARD = gnu11;
				GCC_DYNAMIC_NO_PIC = NO;
				GCC_NO_COMMON_BLOCKS = YES;
				GCC_OPTIMIZATION_LEVEL = 0;
				GCC_PREPROCESSOR_DEFINITIONS = (
					"DEBUG=1",
					"$(inherited)",
				);
				GCC_WARN_64_TO_32_BIT_CONVERSION = YES;
				GCC_WARN_ABOUT_RETURN_TYPE = YES_ERROR;
				GCC_WARN_UNDECLARED_SELECTOR = YES;
				GCC_WARN_UNINITIALIZED_AUTOS = YES_AGGRESSIVE;
				GCC_WARN_UNUSED_FUNCTION = YES;
				GCC_WARN_UNUSED_VARIABLE = YES;
				IPHONEOS_DEPLOYMENT_TARGET = 11.4;
				MTL_ENABLE_DEBUG_INFO = YES;
				ONLY_ACTIVE_ARCH = YES;
				SDKROOT = iphoneos;
				SWIFT_ACTIVE_COMPILATION_CONDITIONS = DEBUG;
				SWIFT_OPTIMIZATION_LEVEL = "-Onone";
			};
			name = Debug;
		};
		DA2F1B0920CF6351008E1537 /* Release */ = {
			isa = XCBuildConfiguration;
			buildSettings = {
				ALWAYS_SEARCH_USER_PATHS = NO;
				CLANG_ANALYZER_NONNULL = YES;
				CLANG_ANALYZER_NUMBER_OBJECT_CONVERSION = YES_AGGRESSIVE;
				CLANG_CXX_LANGUAGE_STANDARD = "gnu++14";
				CLANG_CXX_LIBRARY = "libc++";
				CLANG_ENABLE_MODULES = YES;
				CLANG_ENABLE_OBJC_ARC = YES;
				CLANG_ENABLE_OBJC_WEAK = YES;
				CLANG_WARN_BLOCK_CAPTURE_AUTORELEASING = YES;
				CLANG_WARN_BOOL_CONVERSION = YES;
				CLANG_WARN_COMMA = YES;
				CLANG_WARN_CONSTANT_CONVERSION = YES;
				CLANG_WARN_DEPRECATED_OBJC_IMPLEMENTATIONS = YES;
				CLANG_WARN_DIRECT_OBJC_ISA_USAGE = YES_ERROR;
				CLANG_WARN_DOCUMENTATION_COMMENTS = YES;
				CLANG_WARN_EMPTY_BODY = YES;
				CLANG_WARN_ENUM_CONVERSION = YES;
				CLANG_WARN_INFINITE_RECURSION = YES;
				CLANG_WARN_INT_CONVERSION = YES;
				CLANG_WARN_NON_LITERAL_NULL_CONVERSION = YES;
				CLANG_WARN_OBJC_IMPLICIT_RETAIN_SELF = YES;
				CLANG_WARN_OBJC_LITERAL_CONVERSION = YES;
				CLANG_WARN_OBJC_ROOT_CLASS = YES_ERROR;
				CLANG_WARN_RANGE_LOOP_ANALYSIS = YES;
				CLANG_WARN_STRICT_PROTOTYPES = YES;
				CLANG_WARN_SUSPICIOUS_MOVE = YES;
				CLANG_WARN_UNGUARDED_AVAILABILITY = YES_AGGRESSIVE;
				CLANG_WARN_UNREACHABLE_CODE = YES;
				CLANG_WARN__DUPLICATE_METHOD_MATCH = YES;
				CODE_SIGN_IDENTITY = "iPhone Developer";
				COPY_PHASE_STRIP = NO;
				DEBUG_INFORMATION_FORMAT = "dwarf-with-dsym";
				ENABLE_NS_ASSERTIONS = NO;
				ENABLE_STRICT_OBJC_MSGSEND = YES;
				GCC_C_LANGUAGE_STANDARD = gnu11;
				GCC_NO_COMMON_BLOCKS = YES;
				GCC_WARN_64_TO_32_BIT_CONVERSION = YES;
				GCC_WARN_ABOUT_RETURN_TYPE = YES_ERROR;
				GCC_WARN_UNDECLARED_SELECTOR = YES;
				GCC_WARN_UNINITIALIZED_AUTOS = YES_AGGRESSIVE;
				GCC_WARN_UNUSED_FUNCTION = YES;
				GCC_WARN_UNUSED_VARIABLE = YES;
				IPHONEOS_DEPLOYMENT_TARGET = 11.4;
				MTL_ENABLE_DEBUG_INFO = NO;
				SDKROOT = iphoneos;
				SWIFT_COMPILATION_MODE = wholemodule;
				SWIFT_OPTIMIZATION_LEVEL = "-O";
				VALIDATE_PRODUCT = YES;
			};
			name = Release;
		};
		DA2F1B0B20CF6351008E1537 /* Debug */ = {
			isa = XCBuildConfiguration;
			baseConfigurationReference = 6D53C83277DDFCFF24174D35 /* Pods-H5Container.debug.xcconfig */;
			buildSettings = {
				ASSETCATALOG_COMPILER_APPICON_NAME = AppIcon;
				CODE_SIGN_ENTITLEMENTS = H5Container/H5Container.entitlements;
				CODE_SIGN_IDENTITY = "iPhone Developer";
				CODE_SIGN_STYLE = Manual;
				DEVELOPMENT_TEAM = 6PGX6JMLU9;
				INFOPLIST_FILE = H5Container/Info.plist;
				IPHONEOS_DEPLOYMENT_TARGET = 8.0;
				LD_RUNPATH_SEARCH_PATHS = (
					"$(inherited)",
					"@executable_path/Frameworks",
				);
				PRODUCT_BUNDLE_IDENTIFIER = zuboll;
				PRODUCT_NAME = "$(TARGET_NAME)";
				PROVISIONING_PROFILE = "f90ba139-5121-41ba-b616-8ab5eb2b442b";
				PROVISIONING_PROFILE_SPECIFIER = test;
				SWIFT_OBJC_BRIDGING_HEADER = "H5Container/H5Container-Bridging-Header.h";
				SWIFT_VERSION = 4.0;
				TARGETED_DEVICE_FAMILY = "1,2";
			};
			name = Debug;
		};
		DA2F1B0C20CF6351008E1537 /* Release */ = {
			isa = XCBuildConfiguration;
			baseConfigurationReference = 5A1400DADC806C57AED01DE9 /* Pods-H5Container.release.xcconfig */;
			buildSettings = {
				ASSETCATALOG_COMPILER_APPICON_NAME = AppIcon;
				CODE_SIGN_ENTITLEMENTS = H5Container/H5Container.entitlements;
				CODE_SIGN_IDENTITY = "iPhone Distribution";
				CODE_SIGN_STYLE = Manual;
				DEVELOPMENT_TEAM = 6PGX6JMLU9;
				INFOPLIST_FILE = H5Container/Info.plist;
				IPHONEOS_DEPLOYMENT_TARGET = 8.0;
				LD_RUNPATH_SEARCH_PATHS = (
					"$(inherited)",
					"@executable_path/Frameworks",
				);
				PRODUCT_BUNDLE_IDENTIFIER = zuboll;
				PRODUCT_NAME = "$(TARGET_NAME)";
				PROVISIONING_PROFILE = "73c5e8fb-99b6-4b13-ac17-2cd18d6ecf4d";
				PROVISIONING_PROFILE_SPECIFIER = zubollDis;
				SWIFT_OBJC_BRIDGING_HEADER = "H5Container/H5Container-Bridging-Header.h";
				SWIFT_VERSION = 4.0;
				TARGETED_DEVICE_FAMILY = "1,2";
			};
			name = Release;
		};
		DA2F1B0E20CF6351008E1537 /* Debug */ = {
			isa = XCBuildConfiguration;
			buildSettings = {
				ALWAYS_EMBED_SWIFT_STANDARD_LIBRARIES = YES;
				BUNDLE_LOADER = "$(TEST_HOST)";
				CODE_SIGN_STYLE = Automatic;
				INFOPLIST_FILE = H5ContainerTests/Info.plist;
				LD_RUNPATH_SEARCH_PATHS = (
					"$(inherited)",
					"@executable_path/Frameworks",
					"@loader_path/Frameworks",
				);
				PRODUCT_BUNDLE_IDENTIFIER = test.H5ContainerTests;
				PRODUCT_NAME = "$(TARGET_NAME)";
				SWIFT_VERSION = 4.0;
				TARGETED_DEVICE_FAMILY = "1,2";
				TEST_HOST = "$(BUILT_PRODUCTS_DIR)/H5Container.app/H5Container";
			};
			name = Debug;
		};
		DA2F1B0F20CF6351008E1537 /* Release */ = {
			isa = XCBuildConfiguration;
			buildSettings = {
				ALWAYS_EMBED_SWIFT_STANDARD_LIBRARIES = YES;
				BUNDLE_LOADER = "$(TEST_HOST)";
				CODE_SIGN_STYLE = Automatic;
				INFOPLIST_FILE = H5ContainerTests/Info.plist;
				LD_RUNPATH_SEARCH_PATHS = (
					"$(inherited)",
					"@executable_path/Frameworks",
					"@loader_path/Frameworks",
				);
				PRODUCT_BUNDLE_IDENTIFIER = test.H5ContainerTests;
				PRODUCT_NAME = "$(TARGET_NAME)";
				SWIFT_VERSION = 4.0;
				TARGETED_DEVICE_FAMILY = "1,2";
				TEST_HOST = "$(BUILT_PRODUCTS_DIR)/H5Container.app/H5Container";
			};
			name = Release;
		};
		DA2F1B1120CF6351008E1537 /* Debug */ = {
			isa = XCBuildConfiguration;
			buildSettings = {
				ALWAYS_EMBED_SWIFT_STANDARD_LIBRARIES = YES;
				CODE_SIGN_STYLE = Automatic;
				INFOPLIST_FILE = H5ContainerUITests/Info.plist;
				LD_RUNPATH_SEARCH_PATHS = (
					"$(inherited)",
					"@executable_path/Frameworks",
					"@loader_path/Frameworks",
				);
				PRODUCT_BUNDLE_IDENTIFIER = test.H5ContainerUITests;
				PRODUCT_NAME = "$(TARGET_NAME)";
				SWIFT_VERSION = 4.0;
				TARGETED_DEVICE_FAMILY = "1,2";
				TEST_TARGET_NAME = H5Container;
			};
			name = Debug;
		};
		DA2F1B1220CF6351008E1537 /* Release */ = {
			isa = XCBuildConfiguration;
			buildSettings = {
				ALWAYS_EMBED_SWIFT_STANDARD_LIBRARIES = YES;
				CODE_SIGN_STYLE = Automatic;
				INFOPLIST_FILE = H5ContainerUITests/Info.plist;
				LD_RUNPATH_SEARCH_PATHS = (
					"$(inherited)",
					"@executable_path/Frameworks",
					"@loader_path/Frameworks",
				);
				PRODUCT_BUNDLE_IDENTIFIER = test.H5ContainerUITests;
				PRODUCT_NAME = "$(TARGET_NAME)";
				SWIFT_VERSION = 4.0;
				TARGETED_DEVICE_FAMILY = "1,2";
				TEST_TARGET_NAME = H5Container;
			};
			name = Release;
		};
/* End XCBuildConfiguration section */

/* Begin XCConfigurationList section */
		DA2F1ADD20CF634E008E1537 /* Build configuration list for PBXProject "H5Container" */ = {
			isa = XCConfigurationList;
			buildConfigurations = (
				DA2F1B0820CF6351008E1537 /* Debug */,
				DA2F1B0920CF6351008E1537 /* Release */,
			);
			defaultConfigurationIsVisible = 0;
			defaultConfigurationName = Release;
		};
		DA2F1B0A20CF6351008E1537 /* Build configuration list for PBXNativeTarget "H5Container" */ = {
			isa = XCConfigurationList;
			buildConfigurations = (
				DA2F1B0B20CF6351008E1537 /* Debug */,
				DA2F1B0C20CF6351008E1537 /* Release */,
			);
			defaultConfigurationIsVisible = 0;
			defaultConfigurationName = Release;
		};
		DA2F1B0D20CF6351008E1537 /* Build configuration list for PBXNativeTarget "H5ContainerTests" */ = {
			isa = XCConfigurationList;
			buildConfigurations = (
				DA2F1B0E20CF6351008E1537 /* Debug */,
				DA2F1B0F20CF6351008E1537 /* Release */,
			);
			defaultConfigurationIsVisible = 0;
			defaultConfigurationName = Release;
		};
		DA2F1B1020CF6351008E1537 /* Build configuration list for PBXNativeTarget "H5ContainerUITests" */ = {
			isa = XCConfigurationList;
			buildConfigurations = (
				DA2F1B1120CF6351008E1537 /* Debug */,
				DA2F1B1220CF6351008E1537 /* Release */,
			);
			defaultConfigurationIsVisible = 0;
			defaultConfigurationName = Release;
		};
/* End XCConfigurationList section */
	};
	rootObject = DA2F1ADA20CF634E008E1537 /* Project object */;
}
